// !$*UTF8*$!
{
	archiveVersion = 1;
	classes = {
	};
	objectVersion = 55;
	objects = {

/* Begin PBXBuildFile section */
		CB470E4127C8B24C0042CDC1 /* MusicAppApp.swift in Sources */ = {isa = PBXBuildFile; fileRef = CB470E4027C8B24C0042CDC1 /* MusicAppApp.swift */; };
		CB470E4327C8B24C0042CDC1 /* ContentView.swift in Sources */ = {isa = PBXBuildFile; fileRef = CB470E4227C8B24C0042CDC1 /* ContentView.swift */; };
		CB470E4527C8B24E0042CDC1 /* Assets.xcassets in Resources */ = {isa = PBXBuildFile; fileRef = CB470E4427C8B24E0042CDC1 /* Assets.xcassets */; };
		CB470E4827C8B24E0042CDC1 /* Preview Assets.xcassets in Resources */ = {isa = PBXBuildFile; fileRef = CB470E4727C8B24E0042CDC1 /* Preview Assets.xcassets */; };
		CB470E5227C8B24E0042CDC1 /* MusicAppTests.swift in Sources */ = {isa = PBXBuildFile; fileRef = CB470E5127C8B24E0042CDC1 /* MusicAppTests.swift */; };
		CB470E5C27C8B24E0042CDC1 /* MusicAppUITests.swift in Sources */ = {isa = PBXBuildFile; fileRef = CB470E5B27C8B24E0042CDC1 /* MusicAppUITests.swift */; };
		CB470E5E27C8B24E0042CDC1 /* MusicAppUITestsLaunchTests.swift in Sources */ = {isa = PBXBuildFile; fileRef = CB470E5D27C8B24E0042CDC1 /* MusicAppUITestsLaunchTests.swift */; };
		CB470E6D27C94AF00042CDC1 /* Page1.swift in Sources */ = {isa = PBXBuildFile; fileRef = CB470E6C27C94AF00042CDC1 /* Page1.swift */; };
		CB470E6F27C95C800042CDC1 /* Page2.swift in Sources */ = {isa = PBXBuildFile; fileRef = CB470E6E27C95C800042CDC1 /* Page2.swift */; };
		CB470E7927C969520042CDC1 /* Music App Elements in Resources */ = {isa = PBXBuildFile; fileRef = CB470E7827C969520042CDC1 /* Music App Elements */; };
		CB470E7B27C97B1D0042CDC1 /* song1.mp3 in Resources */ = {isa = PBXBuildFile; fileRef = CB470E7A27C97B1D0042CDC1 /* song1.mp3 */; };
		CB470E7D27C97B210042CDC1 /* song2.mp3 in Resources */ = {isa = PBXBuildFile; fileRef = CB470E7C27C97B210042CDC1 /* song2.mp3 */; };
		CB470E7F27C97BCD0042CDC1 /* song3.mp3 in Resources */ = {isa = PBXBuildFile; fileRef = CB470E7E27C97BCD0042CDC1 /* song3.mp3 */; };
		CBB1708627D191A700066248 /* Homepage.swift in Sources */ = {isa = PBXBuildFile; fileRef = CBB1708527D191A700066248 /* Homepage.swift */; };
		CBB1708A27D1F87F00066248 /* SearchPage.swift in Sources */ = {isa = PBXBuildFile; fileRef = CBB1708927D1F87F00066248 /* SearchPage.swift */; };
/* End PBXBuildFile section */

/* Begin PBXContainerItemProxy section */
		CB470E4E27C8B24E0042CDC1 /* PBXContainerItemProxy */ = {
			isa = PBXContainerItemProxy;
			containerPortal = CB470E3527C8B24C0042CDC1 /* Project object */;
			proxyType = 1;
			remoteGlobalIDString = CB470E3C27C8B24C0042CDC1;
			remoteInfo = MusicApp;
		};
		CB470E5827C8B24E0042CDC1 /* PBXContainerItemProxy */ = {
			isa = PBXContainerItemProxy;
			containerPortal = CB470E3527C8B24C0042CDC1 /* Project object */;
			proxyType = 1;
			remoteGlobalIDString = CB470E3C27C8B24C0042CDC1;
			remoteInfo = MusicApp;
		};
/* End PBXContainerItemProxy section */

/* Begin PBXFileReference section */
		CB470E3D27C8B24C0042CDC1 /* MusicApp.app */ = {isa = PBXFileReference; explicitFileType = wrapper.application; includeInIndex = 0; path = MusicApp.app; sourceTree = BUILT_PRODUCTS_DIR; };
		CB470E4027C8B24C0042CDC1 /* MusicAppApp.swift */ = {isa = PBXFileReference; lastKnownFileType = sourcecode.swift; path = MusicAppApp.swift; sourceTree = "<group>"; };
		CB470E4227C8B24C0042CDC1 /* ContentView.swift */ = {isa = PBXFileReference; lastKnownFileType = sourcecode.swift; path = ContentView.swift; sourceTree = "<group>"; };
		CB470E4427C8B24E0042CDC1 /* Assets.xcassets */ = {isa = PBXFileReference; lastKnownFileType = folder.assetcatalog; path = Assets.xcassets; sourceTree = "<group>"; };
		CB470E4727C8B24E0042CDC1 /* Preview Assets.xcassets */ = {isa = PBXFileReference; lastKnownFileType = folder.assetcatalog; path = "Preview Assets.xcassets"; sourceTree = "<group>"; };
		CB470E4D27C8B24E0042CDC1 /* MusicAppTests.xctest */ = {isa = PBXFileReference; explicitFileType = wrapper.cfbundle; includeInIndex = 0; path = MusicAppTests.xctest; sourceTree = BUILT_PRODUCTS_DIR; };
		CB470E5127C8B24E0042CDC1 /* MusicAppTests.swift */ = {isa = PBXFileReference; lastKnownFileType = sourcecode.swift; path = MusicAppTests.swift; sourceTree = "<group>"; };
		CB470E5727C8B24E0042CDC1 /* MusicAppUITests.xctest */ = {isa = PBXFileReference; explicitFileType = wrapper.cfbundle; includeInIndex = 0; path = MusicAppUITests.xctest; sourceTree = BUILT_PRODUCTS_DIR; };
		CB470E5B27C8B24E0042CDC1 /* MusicAppUITests.swift */ = {isa = PBXFileReference; lastKnownFileType = sourcecode.swift; path = MusicAppUITests.swift; sourceTree = "<group>"; };
		CB470E5D27C8B24E0042CDC1 /* MusicAppUITestsLaunchTests.swift */ = {isa = PBXFileReference; lastKnownFileType = sourcecode.swift; path = MusicAppUITestsLaunchTests.swift; sourceTree = "<group>"; };
		CB470E6C27C94AF00042CDC1 /* Page1.swift */ = {isa = PBXFileReference; lastKnownFileType = sourcecode.swift; path = Page1.swift; sourceTree = "<group>"; };
		CB470E6E27C95C800042CDC1 /* Page2.swift */ = {isa = PBXFileReference; lastKnownFileType = sourcecode.swift; path = Page2.swift; sourceTree = "<group>"; };
		CB470E7827C969520042CDC1 /* Music App Elements */ = {isa = PBXFileReference; fileEncoding = 4; lastKnownFileType = text; path = "Music App Elements"; sourceTree = SOURCE_ROOT; };
		CB470E7A27C97B1D0042CDC1 /* song1.mp3 */ = {isa = PBXFileReference; lastKnownFileType = audio.mp3; path = song1.mp3; sourceTree = "<group>"; };
		CB470E7C27C97B210042CDC1 /* song2.mp3 */ = {isa = PBXFileReference; lastKnownFileType = audio.mp3; path = song2.mp3; sourceTree = "<group>"; };
		CB470E7E27C97BCD0042CDC1 /* song3.mp3 */ = {isa = PBXFileReference; lastKnownFileType = audio.mp3; path = song3.mp3; sourceTree = "<group>"; };
		CBB1708527D191A700066248 /* Homepage.swift */ = {isa = PBXFileReference; lastKnownFileType = sourcecode.swift; path = Homepage.swift; sourceTree = "<group>"; };
		CBB1708927D1F87F00066248 /* SearchPage.swift */ = {isa = PBXFileReference; lastKnownFileType = sourcecode.swift; path = SearchPage.swift; sourceTree = "<group>"; };
/* End PBXFileReference section */

/* Begin PBXFrameworksBuildPhase section */
		CB470E3A27C8B24C0042CDC1 /* Frameworks */ = {
			isa = PBXFrameworksBuildPhase;
			buildActionMask = 2147483647;
			files = (
			);
			runOnlyForDeploymentPostprocessing = 0;
		};
		CB470E4A27C8B24E0042CDC1 /* Frameworks */ = {
			isa = PBXFrameworksBuildPhase;
			buildActionMask = 2147483647;
			files = (
			);
			runOnlyForDeploymentPostprocessing = 0;
		};
		CB470E5427C8B24E0042CDC1 /* Frameworks */ = {
			isa = PBXFrameworksBuildPhase;
			buildActionMask = 2147483647;
			files = (
			);
			runOnlyForDeploymentPostprocessing = 0;
		};
/* End PBXFrameworksBuildPhase section */

/* Begin PBXGroup section */
		CB470E3427C8B24C0042CDC1 = {
			isa = PBXGroup;
			children = (
				CB470E7E27C97BCD0042CDC1 /* song3.mp3 */,
				CB470E7C27C97B210042CDC1 /* song2.mp3 */,
				CB470E7A27C97B1D0042CDC1 /* song1.mp3 */,
				CB470E3F27C8B24C0042CDC1 /* MusicApp */,
				CB470E5027C8B24E0042CDC1 /* MusicAppTests */,
				CB470E5A27C8B24E0042CDC1 /* MusicAppUITests */,
				CB470E3E27C8B24C0042CDC1 /* Products */,
			);
			sourceTree = "<group>";
		};
		CB470E3E27C8B24C0042CDC1 /* Products */ = {
			isa = PBXGroup;
			children = (
				CB470E3D27C8B24C0042CDC1 /* MusicApp.app */,
				CB470E4D27C8B24E0042CDC1 /* MusicAppTests.xctest */,
				CB470E5727C8B24E0042CDC1 /* MusicAppUITests.xctest */,
			);
			name = Products;
			sourceTree = "<group>";
		};
		CB470E3F27C8B24C0042CDC1 /* MusicApp */ = {
			isa = PBXGroup;
			children = (
				CB470E4027C8B24C0042CDC1 /* MusicAppApp.swift */,
				CB470E4227C8B24C0042CDC1 /* ContentView.swift */,
				CBB1708527D191A700066248 /* Homepage.swift */,
				CBB1708927D1F87F00066248 /* SearchPage.swift */,
				CB470E6C27C94AF00042CDC1 /* Page1.swift */,
				CB470E6E27C95C800042CDC1 /* Page2.swift */,
				CB470E4427C8B24E0042CDC1 /* Assets.xcassets */,
				CB470E7827C969520042CDC1 /* Music App Elements */,
				CB470E4627C8B24E0042CDC1 /* Preview Content */,
			);
			path = MusicApp;
			sourceTree = "<group>";
		};
		CB470E4627C8B24E0042CDC1 /* Preview Content */ = {
			isa = PBXGroup;
			children = (
				CB470E4727C8B24E0042CDC1 /* Preview Assets.xcassets */,
			);
			path = "Preview Content";
			sourceTree = "<group>";
		};
		CB470E5027C8B24E0042CDC1 /* MusicAppTests */ = {
			isa = PBXGroup;
			children = (
				CB470E5127C8B24E0042CDC1 /* MusicAppTests.swift */,
			);
			path = MusicAppTests;
			sourceTree = "<group>";
		};
		CB470E5A27C8B24E0042CDC1 /* MusicAppUITests */ = {
			isa = PBXGroup;
			children = (
				CB470E5B27C8B24E0042CDC1 /* MusicAppUITests.swift */,
				CB470E5D27C8B24E0042CDC1 /* MusicAppUITestsLaunchTests.swift */,
			);
			path = MusicAppUITests;
			sourceTree = "<group>";
		};
/* End PBXGroup section */

/* Begin PBXNativeTarget section */
		CB470E3C27C8B24C0042CDC1 /* MusicApp */ = {
			isa = PBXNativeTarget;
			buildConfigurationList = CB470E6127C8B24E0042CDC1 /* Build configuration list for PBXNativeTarget "MusicApp" */;
			buildPhases = (
				CB470E3927C8B24C0042CDC1 /* Sources */,
				CB470E3A27C8B24C0042CDC1 /* Frameworks */,
				CB470E3B27C8B24C0042CDC1 /* Resources */,
			);
			buildRules = (
			);
			dependencies = (
			);
			name = MusicApp;
			productName = MusicApp;
			productReference = CB470E3D27C8B24C0042CDC1 /* MusicApp.app */;
			productType = "com.apple.product-type.application";
		};
		CB470E4C27C8B24E0042CDC1 /* MusicAppTests */ = {
			isa = PBXNativeTarget;
			buildConfigurationList = CB470E6427C8B24E0042CDC1 /* Build configuration list for PBXNativeTarget "MusicAppTests" */;
			buildPhases = (
				CB470E4927C8B24E0042CDC1 /* Sources */,
				CB470E4A27C8B24E0042CDC1 /* Frameworks */,
				CB470E4B27C8B24E0042CDC1 /* Resources */,
			);
			buildRules = (
			);
			dependencies = (
				CB470E4F27C8B24E0042CDC1 /* PBXTargetDependency */,
			);
			name = MusicAppTests;
			productName = MusicAppTests;
			productReference = CB470E4D27C8B24E0042CDC1 /* MusicAppTests.xctest */;
			productType = "com.apple.product-type.bundle.unit-test";
		};
		CB470E5627C8B24E0042CDC1 /* MusicAppUITests */ = {
			isa = PBXNativeTarget;
			buildConfigurationList = CB470E6727C8B24E0042CDC1 /* Build configuration list for PBXNativeTarget "MusicAppUITests" */;
			buildPhases = (
				CB470E5327C8B24E0042CDC1 /* Sources */,
				CB470E5427C8B24E0042CDC1 /* Frameworks */,
				CB470E5527C8B24E0042CDC1 /* Resources */,
			);
			buildRules = (
			);
			dependencies = (
				CB470E5927C8B24E0042CDC1 /* PBXTargetDependency */,
			);
			name = MusicAppUITests;
			productName = MusicAppUITests;
			productReference = CB470E5727C8B24E0042CDC1 /* MusicAppUITests.xctest */;
			productType = "com.apple.product-type.bundle.ui-testing";
		};
/* End PBXNativeTarget section */

/* Begin PBXProject section */
		CB470E3527C8B24C0042CDC1 /* Project object */ = {
			isa = PBXProject;
			attributes = {
				BuildIndependentTargetsInParallel = 1;
				LastSwiftUpdateCheck = 1320;
				LastUpgradeCheck = 1320;
				TargetAttributes = {
					CB470E3C27C8B24C0042CDC1 = {
						CreatedOnToolsVersion = 13.2.1;
					};
					CB470E4C27C8B24E0042CDC1 = {
						CreatedOnToolsVersion = 13.2.1;
						TestTargetID = CB470E3C27C8B24C0042CDC1;
					};
					CB470E5627C8B24E0042CDC1 = {
						CreatedOnToolsVersion = 13.2.1;
						TestTargetID = CB470E3C27C8B24C0042CDC1;
					};
				};
			};
			buildConfigurationList = CB470E3827C8B24C0042CDC1 /* Build configuration list for PBXProject "MusicApp" */;
			compatibilityVersion = "Xcode 13.0";
			developmentRegion = en;
			hasScannedForEncodings = 0;
			knownRegions = (
				en,
				Base,
			);
			mainGroup = CB470E3427C8B24C0042CDC1;
			productRefGroup = CB470E3E27C8B24C0042CDC1 /* Products */;
			projectDirPath = "";
			projectRoot = "";
			targets = (
				CB470E3C27C8B24C0042CDC1 /* MusicApp */,
				CB470E4C27C8B24E0042CDC1 /* MusicAppTests */,
				CB470E5627C8B24E0042CDC1 /* MusicAppUITests */,
			);
		};
/* End PBXProject section */

/* Begin PBXResourcesBuildPhase section */
		CB470E3B27C8B24C0042CDC1 /* Resources */ = {
			isa = PBXResourcesBuildPhase;
			buildActionMask = 2147483647;
			files = (
				CB470E4827C8B24E0042CDC1 /* Preview Assets.xcassets in Resources */,
				CB470E7927C969520042CDC1 /* Music App Elements in Resources */,
				CB470E7B27C97B1D0042CDC1 /* song1.mp3 in Resources */,
				CB470E7D27C97B210042CDC1 /* song2.mp3 in Resources */,
				CB470E7F27C97BCD0042CDC1 /* song3.mp3 in Resources */,
				CB470E4527C8B24E0042CDC1 /* Assets.xcassets in Resources */,
			);
			runOnlyForDeploymentPostprocessing = 0;
		};
		CB470E4B27C8B24E0042CDC1 /* Resources */ = {
			isa = PBXResourcesBuildPhase;
			buildActionMask = 2147483647;
			files = (
			);
			runOnlyForDeploymentPostprocessing = 0;
		};
		CB470E5527C8B24E0042CDC1 /* Resources */ = {
			isa = PBXResourcesBuildPhase;
			buildActionMask = 2147483647;
			files = (
			);
			runOnlyForDeploymentPostprocessing = 0;
		};
/* End PBXResourcesBuildPhase section */

/* Begin PBXSourcesBuildPhase section */
		CB470E3927C8B24C0042CDC1 /* Sources */ = {
			isa = PBXSourcesBuildPhase;
			buildActionMask = 2147483647;
			files = (
				CB470E6D27C94AF00042CDC1 /* Page1.swift in Sources */,
				CB470E6F27C95C800042CDC1 /* Page2.swift in Sources */,
				CBB1708A27D1F87F00066248 /* SearchPage.swift in Sources */,
				CBB1708627D191A700066248 /* Homepage.swift in Sources */,
				CB470E4327C8B24C0042CDC1 /* ContentView.swift in Sources */,
				CB470E4127C8B24C0042CDC1 /* MusicAppApp.swift in Sources */,
			);
			runOnlyForDeploymentPostprocessing = 0;
		};
		CB470E4927C8B24E0042CDC1 /* Sources */ = {
			isa = PBXSourcesBuildPhase;
			buildActionMask = 2147483647;
			files = (
				CB470E5227C8B24E0042CDC1 /* MusicAppTests.swift in Sources */,
			);
			runOnlyForDeploymentPostprocessing = 0;
		};
		CB470E5327C8B24E0042CDC1 /* Sources */ = {
			isa = PBXSourcesBuildPhase;
			buildActionMask = 2147483647;
			files = (
				CB470E5E27C8B24E0042CDC1 /* MusicAppUITestsLaunchTests.swift in Sources */,
				CB470E5C27C8B24E0042CDC1 /* MusicAppUITests.swift in Sources */,
			);
			runOnlyForDeploymentPostprocessing = 0;
		};
/* End PBXSourcesBuildPhase section */

/* Begin PBXTargetDependency section */
		CB470E4F27C8B24E0042CDC1 /* PBXTargetDependency */ = {
			isa = PBXTargetDependency;
			target = CB470E3C27C8B24C0042CDC1 /* MusicApp */;
			targetProxy = CB470E4E27C8B24E0042CDC1 /* PBXContainerItemProxy */;
		};
		CB470E5927C8B24E0042CDC1 /* PBXTargetDependency */ = {
			isa = PBXTargetDependency;
			target = CB470E3C27C8B24C0042CDC1 /* MusicApp */;
			targetProxy = CB470E5827C8B24E0042CDC1 /* PBXContainerItemProxy */;
		};
/* End PBXTargetDependency section */

/* Begin XCBuildConfiguration section */
		CB470E5F27C8B24E0042CDC1 /* Debug */ = {
			isa = XCBuildConfiguration;
			buildSettings = {
				ALWAYS_SEARCH_USER_PATHS = NO;
				CLANG_ANALYZER_NONNULL = YES;
				CLANG_ANALYZER_NUMBER_OBJECT_CONVERSION = YES_AGGRESSIVE;
				CLANG_CXX_LANGUAGE_STANDARD = "gnu++17";
				CLANG_CXX_LIBRARY = "libc++";
				CLANG_ENABLE_MODULES = YES;
				CLANG_ENABLE_OBJC_ARC = YES;
				CLANG_ENABLE_OBJC_WEAK = YES;
				CLANG_WARN_BLOCK_CAPTURE_AUTORELEASING = YES;
				CLANG_WARN_BOOL_CONVERSION = YES;
				CLANG_WARN_COMMA = YES;
				CLANG_WARN_CONSTANT_CONVERSION = YES;
				CLANG_WARN_DEPRECATED_OBJC_IMPLEMENTATIONS = YES;
				CLANG_WARN_DIRECT_OBJC_ISA_USAGE = YES_ERROR;
				CLANG_WARN_DOCUMENTATION_COMMENTS = YES;
				CLANG_WARN_EMPTY_BODY = YES;
				CLANG_WARN_ENUM_CONVERSION = YES;
				CLANG_WARN_INFINITE_RECURSION = YES;
				CLANG_WARN_INT_CONVERSION = YES;
				CLANG_WARN_NON_LITERAL_NULL_CONVERSION = YES;
				CLANG_WARN_OBJC_IMPLICIT_RETAIN_SELF = YES;
				CLANG_WARN_OBJC_LITERAL_CONVERSION = YES;
				CLANG_WARN_OBJC_ROOT_CLASS = YES_ERROR;
				CLANG_WARN_QUOTED_INCLUDE_IN_FRAMEWORK_HEADER = YES;
				CLANG_WARN_RANGE_LOOP_ANALYSIS = YES;
				CLANG_WARN_STRICT_PROTOTYPES = YES;
				CLANG_WARN_SUSPICIOUS_MOVE = YES;
				CLANG_WARN_UNGUARDED_AVAILABILITY = YES_AGGRESSIVE;
				CLANG_WARN_UNREACHABLE_CODE = YES;
				CLANG_WARN__DUPLICATE_METHOD_MATCH = YES;
				COPY_PHASE_STRIP = NO;
				DEBUG_INFORMATION_FORMAT = dwarf;
				ENABLE_STRICT_OBJC_MSGSEND = YES;
				ENABLE_TESTABILITY = YES;
				GCC_C_LANGUAGE_STANDARD = gnu11;
				GCC_DYNAMIC_NO_PIC = NO;
				GCC_NO_COMMON_BLOCKS = YES;
				GCC_OPTIMIZATION_LEVEL = 0;
				GCC_PREPROCESSOR_DEFINITIONS = (
					"DEBUG=1",
					"$(inherited)",
				);
				GCC_WARN_64_TO_32_BIT_CONVERSION = YES;
				GCC_WARN_ABOUT_RETURN_TYPE = YES_ERROR;
				GCC_WARN_UNDECLARED_SELECTOR = YES;
				GCC_WARN_UNINITIALIZED_AUTOS = YES_AGGRESSIVE;
				GCC_WARN_UNUSED_FUNCTION = YES;
				GCC_WARN_UNUSED_VARIABLE = YES;
				IPHONEOS_DEPLOYMENT_TARGET = 15.2;
				MTL_ENABLE_DEBUG_INFO = INCLUDE_SOURCE;
				MTL_FAST_MATH = YES;
				ONLY_ACTIVE_ARCH = YES;
				SDKROOT = iphoneos;
				SWIFT_ACTIVE_COMPILATION_CONDITIONS = DEBUG;
				SWIFT_OPTIMIZATION_LEVEL = "-Onone";
			};
			name = Debug;
		};
		CB470E6027C8B24E0042CDC1 /* Release */ = {
			isa = XCBuildConfiguration;
			buildSettings = {
				ALWAYS_SEARCH_USER_PATHS = NO;
				CLANG_ANALYZER_NONNULL = YES;
				CLANG_ANALYZER_NUMBER_OBJECT_CONVERSION = YES_AGGRESSIVE;
				CLANG_CXX_LANGUAGE_STANDARD = "gnu++17";
				CLANG_CXX_LIBRARY = "libc++";
				CLANG_ENABLE_MODULES = YES;
				CLANG_ENABLE_OBJC_ARC = YES;
				CLANG_ENABLE_OBJC_WEAK = YES;
				CLANG_WARN_BLOCK_CAPTURE_AUTORELEASING = YES;
				CLANG_WARN_BOOL_CONVERSION = YES;
				CLANG_WARN_COMMA = YES;
				CLANG_WARN_CONSTANT_CONVERSION = YES;
				CLANG_WARN_DEPRECATED_OBJC_IMPLEMENTATIONS = YES;
				CLANG_WARN_DIRECT_OBJC_ISA_USAGE = YES_ERROR;
				CLANG_WARN_DOCUMENTATION_COMMENTS = YES;
				CLANG_WARN_EMPTY_BODY = YES;
				CLANG_WARN_ENUM_CONVERSION = YES;
				CLANG_WARN_INFINITE_RECURSION = YES;
				CLANG_WARN_INT_CONVERSION = YES;
				CLANG_WARN_NON_LITERAL_NULL_CONVERSION = YES;
				CLANG_WARN_OBJC_IMPLICIT_RETAIN_SELF = YES;
				CLANG_WARN_OBJC_LITERAL_CONVERSION = YES;
				CLANG_WARN_OBJC_ROOT_CLASS = YES_ERROR;
				CLANG_WARN_QUOTED_INCLUDE_IN_FRAMEWORK_HEADER = YES;
				CLANG_WARN_RANGE_LOOP_ANALYSIS = YES;
				CLANG_WARN_STRICT_PROTOTYPES = YES;
				CLANG_WARN_SUSPICIOUS_MOVE = YES;
				CLANG_WARN_UNGUARDED_AVAILABILITY = YES_AGGRESSIVE;
				CLANG_WARN_UNREACHABLE_CODE = YES;
				CLANG_WARN__DUPLICATE_METHOD_MATCH = YES;
				COPY_PHASE_STRIP = NO;
				DEBUG_INFORMATION_FORMAT = "dwarf-with-dsym";
				ENABLE_NS_ASSERTIONS = NO;
				ENABLE_STRICT_OBJC_MSGSEND = YES;
				GCC_C_LANGUAGE_STANDARD = gnu11;
				GCC_NO_COMMON_BLOCKS = YES;
				GCC_WARN_64_TO_32_BIT_CONVERSION = YES;
				GCC_WARN_ABOUT_RETURN_TYPE = YES_ERROR;
				GCC_WARN_UNDECLARED_SELECTOR = YES;
				GCC_WARN_UNINITIALIZED_AUTOS = YES_AGGRESSIVE;
				GCC_WARN_UNUSED_FUNCTION = YES;
				GCC_WARN_UNUSED_VARIABLE = YES;
				IPHONEOS_DEPLOYMENT_TARGET = 15.2;
				MTL_ENABLE_DEBUG_INFO = NO;
				MTL_FAST_MATH = YES;
				SDKROOT = iphoneos;
				SWIFT_COMPILATION_MODE = wholemodule;
				SWIFT_OPTIMIZATION_LEVEL = "-O";
				VALIDATE_PRODUCT = YES;
			};
			name = Release;
		};
		CB470E6227C8B24E0042CDC1 /* Debug */ = {
			isa = XCBuildConfiguration;
			buildSettings = {
				ASSETCATALOG_COMPILER_APPICON_NAME = AppIcon;
				ASSETCATALOG_COMPILER_GLOBAL_ACCENT_COLOR_NAME = AccentColor;
				CODE_SIGN_STYLE = Automatic;
				CURRENT_PROJECT_VERSION = 1;
				DEVELOPMENT_ASSET_PATHS = "\"MusicApp/Preview Content\"";
				ENABLE_PREVIEWS = YES;
				GENERATE_INFOPLIST_FILE = YES;
				INFOPLIST_KEY_UIApplicationSceneManifest_Generation = YES;
				INFOPLIST_KEY_UIApplicationSupportsIndirectInputEvents = YES;
				INFOPLIST_KEY_UILaunchScreen_Generation = YES;
				INFOPLIST_KEY_UISupportedInterfaceOrientations_iPad = "UIInterfaceOrientationPortrait UIInterfaceOrientationPortraitUpsideDown UIInterfaceOrientationLandscapeLeft UIInterfaceOrientationLandscapeRight";
				INFOPLIST_KEY_UISupportedInterfaceOrientations_iPhone = "UIInterfaceOrientationPortrait UIInterfaceOrientationLandscapeLeft UIInterfaceOrientationLandscapeRight";
				LD_RUNPATH_SEARCH_PATHS = (
					"$(inherited)",
					"@executable_path/Frameworks",
				);
				MARKETING_VERSION = 1.0;
				PRODUCT_BUNDLE_IDENTIFIER = firstplaygroundtest.MusicApp;
				PRODUCT_NAME = "$(TARGET_NAME)";
				SWIFT_EMIT_LOC_STRINGS = YES;
				SWIFT_VERSION = 5.0;
				TARGETED_DEVICE_FAMILY = "1,2";
			};
			name = Debug;
		};
		CB470E6327C8B24E0042CDC1 /* Release */ = {
			isa = XCBuildConfiguration;
			buildSettings = {
				ASSETCATALOG_COMPILER_APPICON_NAME = AppIcon;
				ASSETCATALOG_COMPILER_GLOBAL_ACCENT_COLOR_NAME = AccentColor;
				CODE_SIGN_STYLE = Automatic;
				CURRENT_PROJECT_VERSION = 1;
				DEVELOPMENT_ASSET_PATHS = "\"MusicApp/Preview Content\"";
				ENABLE_PREVIEWS = YES;
				GENERATE_INFOPLIST_FILE = YES;
				INFOPLIST_KEY_UIApplicationSceneManifest_Generation = YES;
				INFOPLIST_KEY_UIApplicationSupportsIndirectInputEvents = YES;
				INFOPLIST_KEY_UILaunchScreen_Generation = YES;
				INFOPLIST_KEY_UISupportedInterfaceOrientations_iPad = "UIInterfaceOrientationPortrait UIInterfaceOrientationPortraitUpsideDown UIInterfaceOrientationLandscapeLeft UIInterfaceOrientationLandscapeRight";
				INFOPLIST_KEY_UISupportedInterfaceOrientations_iPhone = "UIInterfaceOrientationPortrait UIInterfaceOrientationLandscapeLeft UIInterfaceOrientationLandscapeRight";
				LD_RUNPATH_SEARCH_PATHS = (
					"$(inherited)",
					"@executable_path/Frameworks",
				);
				MARKETING_VERSION = 1.0;
				PRODUCT_BUNDLE_IDENTIFIER = firstplaygroundtest.MusicApp;
				PRODUCT_NAME = "$(TARGET_NAME)";
				SWIFT_EMIT_LOC_STRINGS = YES;
				SWIFT_VERSION = 5.0;
				TARGETED_DEVICE_FAMILY = "1,2";
			};
			name = Release;
		};
		CB470E6527C8B24E0042CDC1 /* Debug */ = {
			isa = XCBuildConfiguration;
			buildSettings = {
				ALWAYS_EMBED_SWIFT_STANDARD_LIBRARIES = YES;
				BUNDLE_LOADER = "$(TEST_HOST)";
				CODE_SIGN_STYLE = Automatic;
				CURRENT_PROJECT_VERSION = 1;
				GENERATE_INFOPLIST_FILE = YES;
				IPHONEOS_DEPLOYMENT_TARGET = 15.2;
				MARKETING_VERSION = 1.0;
				PRODUCT_BUNDLE_IDENTIFIER = firstplaygroundtest.MusicAppTests;
				PRODUCT_NAME = "$(TARGET_NAME)";
				SWIFT_EMIT_LOC_STRINGS = NO;
				SWIFT_VERSION = 5.0;
				TARGETED_DEVICE_FAMILY = "1,2";
				TEST_HOST = "$(BUILT_PRODUCTS_DIR)/MusicApp.app/MusicApp";
			};
			name = Debug;
		};
		CB470E6627C8B24E0042CDC1 /* Release */ = {
			isa = XCBuildConfiguration;
			buildSettings = {
				ALWAYS_EMBED_SWIFT_STANDARD_LIBRARIES = YES;
				BUNDLE_LOADER = "$(TEST_HOST)";
				CODE_SIGN_STYLE = Automatic;
				CURRENT_PROJECT_VERSION = 1;
				GENERATE_INFOPLIST_FILE = YES;
				IPHONEOS_DEPLOYMENT_TARGET = 15.2;
				MARKETING_VERSION = 1.0;
				PRODUCT_BUNDLE_IDENTIFIER = firstplaygroundtest.MusicAppTests;
				PRODUCT_NAME = "$(TARGET_NAME)";
				SWIFT_EMIT_LOC_STRINGS = NO;
				SWIFT_VERSION = 5.0;
				TARGETED_DEVICE_FAMILY = "1,2";
				TEST_HOST = "$(BUILT_PRODUCTS_DIR)/MusicApp.app/MusicApp";
			};
			name = Release;
		};
		CB470E6827C8B24E0042CDC1 /* Debug */ = {
			isa = XCBuildConfiguration;
			buildSettings = {
				ALWAYS_EMBED_SWIFT_STANDARD_LIBRARIES = YES;
				CODE_SIGN_STYLE = Automatic;
				CURRENT_PROJECT_VERSION = 1;
				GENERATE_INFOPLIST_FILE = YES;
				MARKETING_VERSION = 1.0;
				PRODUCT_BUNDLE_IDENTIFIER = firstplaygroundtest.MusicAppUITests;
				PRODUCT_NAME = "$(TARGET_NAME)";
				SWIFT_EMIT_LOC_STRINGS = NO;
				SWIFT_VERSION = 5.0;
				TARGETED_DEVICE_FAMILY = "1,2";
				TEST_TARGET_NAME = MusicApp;
			};
			name = Debug;
		};
		CB470E6927C8B24E0042CDC1 /* Release */ = {
			isa = XCBuildConfiguration;
			buildSettings = {
				ALWAYS_EMBED_SWIFT_STANDARD_LIBRARIES = YES;
				CODE_SIGN_STYLE = Automatic;
				CURRENT_PROJECT_VERSION = 1;
				GENERATE_INFOPLIST_FILE = YES;
				MARKETING_VERSION = 1.0;
				PRODUCT_BUNDLE_IDENTIFIER = firstplaygroundtest.MusicAppUITests;
				PRODUCT_NAME = "$(TARGET_NAME)";
				SWIFT_EMIT_LOC_STRINGS = NO;
				SWIFT_VERSION = 5.0;
				TARGETED_DEVICE_FAMILY = "1,2";
				TEST_TARGET_NAME = MusicApp;
			};
			name = Release;
		};
/* End XCBuildConfiguration section */

/* Begin XCConfigurationList section */
		CB470E3827C8B24C0042CDC1 /* Build configuration list for PBXProject "MusicApp" */ = {
			isa = XCConfigurationList;
			buildConfigurations = (
				CB470E5F27C8B24E0042CDC1 /* Debug */,
				CB470E6027C8B24E0042CDC1 /* Release */,
			);
			defaultConfigurationIsVisible = 0;
			defaultConfigurationName = Release;
		};
		CB470E6127C8B24E0042CDC1 /* Build configuration list for PBXNativeTarget "MusicApp" */ = {
			isa = XCConfigurationList;
			buildConfigurations = (
				CB470E6227C8B24E0042CDC1 /* Debug */,
				CB470E6327C8B24E0042CDC1 /* Release */,
			);
			defaultConfigurationIsVisible = 0;
			defaultConfigurationName = Release;
		};
		CB470E6427C8B24E0042CDC1 /* Build configuration list for PBXNativeTarget "MusicAppTests" */ = {
			isa = XCConfigurationList;
			buildConfigurations = (
				CB470E6527C8B24E0042CDC1 /* Debug */,
				CB470E6627C8B24E0042CDC1 /* Release */,
			);
			defaultConfigurationIsVisible = 0;
			defaultConfigurationName = Release;
		};
		CB470E6727C8B24E0042CDC1 /* Build configuration list for PBXNativeTarget "MusicAppUITests" */ = {
			isa = XCConfigurationList;
			buildConfigurations = (
				CB470E6827C8B24E0042CDC1 /* Debug */,
				CB470E6927C8B24E0042CDC1 /* Release */,
			);
			defaultConfigurationIsVisible = 0;
			defaultConfigurationName = Release;
		};
/* End XCConfigurationList section */
	};
	rootObject = CB470E3527C8B24C0042CDC1 /* Project object */;
}
