// !$*UTF8*$!
{
	archiveVersion = 1;
	classes = {
	};
	objectVersion = 55;
	objects = {

/* Begin PBXBuildFile section */
		CBEA777D27F7A59E0014F71F /* test2App.swift in Sources */ = {isa = PBXBuildFile; fileRef = CBEA777C27F7A59E0014F71F /* test2App.swift */; };
		CBEA777F27F7A59E0014F71F /* ContentView.swift in Sources */ = {isa = PBXBuildFile; fileRef = CBEA777E27F7A59E0014F71F /* ContentView.swift */; };
		CBEA778127F7A5A10014F71F /* Assets.xcassets in Resources */ = {isa = PBXBuildFile; fileRef = CBEA778027F7A5A10014F71F /* Assets.xcassets */; };
		CBEA778427F7A5A10014F71F /* Preview Assets.xcassets in Resources */ = {isa = PBXBuildFile; fileRef = CBEA778327F7A5A10014F71F /* Preview Assets.xcassets */; };
		CBEA778E27F7A5A10014F71F /* test2Tests.swift in Sources */ = {isa = PBXBuildFile; fileRef = CBEA778D27F7A5A10014F71F /* test2Tests.swift */; };
		CBEA779827F7A5A20014F71F /* test2UITests.swift in Sources */ = {isa = PBXBuildFile; fileRef = CBEA779727F7A5A20014F71F /* test2UITests.swift */; };
		CBEA779A27F7A5A20014F71F /* test2UITestsLaunchTests.swift in Sources */ = {isa = PBXBuildFile; fileRef = CBEA779927F7A5A20014F71F /* test2UITestsLaunchTests.swift */; };
/* End PBXBuildFile section */

/* Begin PBXContainerItemProxy section */
		CBEA778A27F7A5A10014F71F /* PBXContainerItemProxy */ = {
			isa = PBXContainerItemProxy;
			containerPortal = CBEA777127F7A59E0014F71F /* Project object */;
			proxyType = 1;
			remoteGlobalIDString = CBEA777827F7A59E0014F71F;
			remoteInfo = test2;
		};
		CBEA779427F7A5A20014F71F /* PBXContainerItemProxy */ = {
			isa = PBXContainerItemProxy;
			containerPortal = CBEA777127F7A59E0014F71F /* Project object */;
			proxyType = 1;
			remoteGlobalIDString = CBEA777827F7A59E0014F71F;
			remoteInfo = test2;
		};
/* End PBXContainerItemProxy section */

/* Begin PBXFileReference section */
		CBEA777927F7A59E0014F71F /* test2.app */ = {isa = PBXFileReference; explicitFileType = wrapper.application; includeInIndex = 0; path = test2.app; sourceTree = BUILT_PRODUCTS_DIR; };
		CBEA777C27F7A59E0014F71F /* test2App.swift */ = {isa = PBXFileReference; lastKnownFileType = sourcecode.swift; path = test2App.swift; sourceTree = "<group>"; };
		CBEA777E27F7A59E0014F71F /* ContentView.swift */ = {isa = PBXFileReference; lastKnownFileType = sourcecode.swift; path = ContentView.swift; sourceTree = "<group>"; };
		CBEA778027F7A5A10014F71F /* Assets.xcassets */ = {isa = PBXFileReference; lastKnownFileType = folder.assetcatalog; path = Assets.xcassets; sourceTree = "<group>"; };
		CBEA778327F7A5A10014F71F /* Preview Assets.xcassets */ = {isa = PBXFileReference; lastKnownFileType = folder.assetcatalog; path = "Preview Assets.xcassets"; sourceTree = "<group>"; };
		CBEA778927F7A5A10014F71F /* test2Tests.xctest */ = {isa = PBXFileReference; explicitFileType = wrapper.cfbundle; includeInIndex = 0; path = test2Tests.xctest; sourceTree = BUILT_PRODUCTS_DIR; };
		CBEA778D27F7A5A10014F71F /* test2Tests.swift */ = {isa = PBXFileReference; lastKnownFileType = sourcecode.swift; path = test2Tests.swift; sourceTree = "<group>"; };
		CBEA779327F7A5A20014F71F /* test2UITests.xctest */ = {isa = PBXFileReference; explicitFileType = wrapper.cfbundle; includeInIndex = 0; path = test2UITests.xctest; sourceTree = BUILT_PRODUCTS_DIR; };
		CBEA779727F7A5A20014F71F /* test2UITests.swift */ = {isa = PBXFileReference; lastKnownFileType = sourcecode.swift; path = test2UITests.swift; sourceTree = "<group>"; };
		CBEA779927F7A5A20014F71F /* test2UITestsLaunchTests.swift */ = {isa = PBXFileReference; lastKnownFileType = sourcecode.swift; path = test2UITestsLaunchTests.swift; sourceTree = "<group>"; };
		CBEA77A627F7A8520014F71F /* Info.plist */ = {isa = PBXFileReference; lastKnownFileType = text.plist; path = Info.plist; sourceTree = "<group>"; };
/* End PBXFileReference section */

/* Begin PBXFrameworksBuildPhase section */
		CBEA777627F7A59E0014F71F /* Frameworks */ = {
			isa = PBXFrameworksBuildPhase;
			buildActionMask = 2147483647;
			files = (
			);
			runOnlyForDeploymentPostprocessing = 0;
		};
		CBEA778627F7A5A10014F71F /* Frameworks */ = {
			isa = PBXFrameworksBuildPhase;
			buildActionMask = 2147483647;
			files = (
			);
			runOnlyForDeploymentPostprocessing = 0;
		};
		CBEA779027F7A5A20014F71F /* Frameworks */ = {
			isa = PBXFrameworksBuildPhase;
			buildActionMask = 2147483647;
			files = (
			);
			runOnlyForDeploymentPostprocessing = 0;
		};
/* End PBXFrameworksBuildPhase section */

/* Begin PBXGroup section */
		CBEA777027F7A59E0014F71F = {
			isa = PBXGroup;
			children = (
				CBEA777B27F7A59E0014F71F /* test2 */,
				CBEA778C27F7A5A10014F71F /* test2Tests */,
				CBEA779627F7A5A20014F71F /* test2UITests */,
				CBEA777A27F7A59E0014F71F /* Products */,
			);
			sourceTree = "<group>";
		};
		CBEA777A27F7A59E0014F71F /* Products */ = {
			isa = PBXGroup;
			children = (
				CBEA777927F7A59E0014F71F /* test2.app */,
				CBEA778927F7A5A10014F71F /* test2Tests.xctest */,
				CBEA779327F7A5A20014F71F /* test2UITests.xctest */,
			);
			name = Products;
			sourceTree = "<group>";
		};
		CBEA777B27F7A59E0014F71F /* test2 */ = {
			isa = PBXGroup;
			children = (
				CBEA77A627F7A8520014F71F /* Info.plist */,
				CBEA777C27F7A59E0014F71F /* test2App.swift */,
				CBEA777E27F7A59E0014F71F /* ContentView.swift */,
				CBEA778027F7A5A10014F71F /* Assets.xcassets */,
				CBEA778227F7A5A10014F71F /* Preview Content */,
			);
			path = test2;
			sourceTree = "<group>";
		};
		CBEA778227F7A5A10014F71F /* Preview Content */ = {
			isa = PBXGroup;
			children = (
				CBEA778327F7A5A10014F71F /* Preview Assets.xcassets */,
			);
			path = "Preview Content";
			sourceTree = "<group>";
		};
		CBEA778C27F7A5A10014F71F /* test2Tests */ = {
			isa = PBXGroup;
			children = (
				CBEA778D27F7A5A10014F71F /* test2Tests.swift */,
			);
			path = test2Tests;
			sourceTree = "<group>";
		};
		CBEA779627F7A5A20014F71F /* test2UITests */ = {
			isa = PBXGroup;
			children = (
				CBEA779727F7A5A20014F71F /* test2UITests.swift */,
				CBEA779927F7A5A20014F71F /* test2UITestsLaunchTests.swift */,
			);
			path = test2UITests;
			sourceTree = "<group>";
		};
/* End PBXGroup section */

/* Begin PBXNativeTarget section */
		CBEA777827F7A59E0014F71F /* test2 */ = {
			isa = PBXNativeTarget;
			buildConfigurationList = CBEA779D27F7A5A20014F71F /* Build configuration list for PBXNativeTarget "test2" */;
			buildPhases = (
				CBEA777527F7A59E0014F71F /* Sources */,
				CBEA777627F7A59E0014F71F /* Frameworks */,
				CBEA777727F7A59E0014F71F /* Resources */,
			);
			buildRules = (
			);
			dependencies = (
			);
			name = test2;
			productName = test2;
			productReference = CBEA777927F7A59E0014F71F /* test2.app */;
			productType = "com.apple.product-type.application";
		};
		CBEA778827F7A5A10014F71F /* test2Tests */ = {
			isa = PBXNativeTarget;
			buildConfigurationList = CBEA77A027F7A5A20014F71F /* Build configuration list for PBXNativeTarget "test2Tests" */;
			buildPhases = (
				CBEA778527F7A5A10014F71F /* Sources */,
				CBEA778627F7A5A10014F71F /* Frameworks */,
				CBEA778727F7A5A10014F71F /* Resources */,
			);
			buildRules = (
			);
			dependencies = (
				CBEA778B27F7A5A10014F71F /* PBXTargetDependency */,
			);
			name = test2Tests;
			productName = test2Tests;
			productReference = CBEA778927F7A5A10014F71F /* test2Tests.xctest */;
			productType = "com.apple.product-type.bundle.unit-test";
		};
		CBEA779227F7A5A20014F71F /* test2UITests */ = {
			isa = PBXNativeTarget;
			buildConfigurationList = CBEA77A327F7A5A20014F71F /* Build configuration list for PBXNativeTarget "test2UITests" */;
			buildPhases = (
				CBEA778F27F7A5A20014F71F /* Sources */,
				CBEA779027F7A5A20014F71F /* Frameworks */,
				CBEA779127F7A5A20014F71F /* Resources */,
			);
			buildRules = (
			);
			dependencies = (
				CBEA779527F7A5A20014F71F /* PBXTargetDependency */,
			);
			name = test2UITests;
			productName = test2UITests;
			productReference = CBEA779327F7A5A20014F71F /* test2UITests.xctest */;
			productType = "com.apple.product-type.bundle.ui-testing";
		};
/* End PBXNativeTarget section */

/* Begin PBXProject section */
		CBEA777127F7A59E0014F71F /* Project object */ = {
			isa = PBXProject;
			attributes = {
				BuildIndependentTargetsInParallel = 1;
				LastSwiftUpdateCheck = 1330;
				LastUpgradeCheck = 1330;
				TargetAttributes = {
					CBEA777827F7A59E0014F71F = {
						CreatedOnToolsVersion = 13.3;
					};
					CBEA778827F7A5A10014F71F = {
						CreatedOnToolsVersion = 13.3;
						TestTargetID = CBEA777827F7A59E0014F71F;
					};
					CBEA779227F7A5A20014F71F = {
						CreatedOnToolsVersion = 13.3;
						TestTargetID = CBEA777827F7A59E0014F71F;
					};
				};
			};
			buildConfigurationList = CBEA777427F7A59E0014F71F /* Build configuration list for PBXProject "test2" */;
			compatibilityVersion = "Xcode 13.0";
			developmentRegion = en;
			hasScannedForEncodings = 0;
			knownRegions = (
				en,
				Base,
			);
			mainGroup = CBEA777027F7A59E0014F71F;
			productRefGroup = CBEA777A27F7A59E0014F71F /* Products */;
			projectDirPath = "";
			projectRoot = "";
			targets = (
				CBEA777827F7A59E0014F71F /* test2 */,
				CBEA778827F7A5A10014F71F /* test2Tests */,
				CBEA779227F7A5A20014F71F /* test2UITests */,
			);
		};
/* End PBXProject section */

/* Begin PBXResourcesBuildPhase section */
		CBEA777727F7A59E0014F71F /* Resources */ = {
			isa = PBXResourcesBuildPhase;
			buildActionMask = 2147483647;
			files = (
				CBEA778427F7A5A10014F71F /* Preview Assets.xcassets in Resources */,
				CBEA778127F7A5A10014F71F /* Assets.xcassets in Resources */,
			);
			runOnlyForDeploymentPostprocessing = 0;
		};
		CBEA778727F7A5A10014F71F /* Resources */ = {
			isa = PBXResourcesBuildPhase;
			buildActionMask = 2147483647;
			files = (
			);
			runOnlyForDeploymentPostprocessing = 0;
		};
		CBEA779127F7A5A20014F71F /* Resources */ = {
			isa = PBXResourcesBuildPhase;
			buildActionMask = 2147483647;
			files = (
			);
			runOnlyForDeploymentPostprocessing = 0;
		};
/* End PBXResourcesBuildPhase section */

/* Begin PBXSourcesBuildPhase section */
		CBEA777527F7A59E0014F71F /* Sources */ = {
			isa = PBXSourcesBuildPhase;
			buildActionMask = 2147483647;
			files = (
				CBEA777F27F7A59E0014F71F /* ContentView.swift in Sources */,
				CBEA777D27F7A59E0014F71F /* test2App.swift in Sources */,
			);
			runOnlyForDeploymentPostprocessing = 0;
		};
		CBEA778527F7A5A10014F71F /* Sources */ = {
			isa = PBXSourcesBuildPhase;
			buildActionMask = 2147483647;
			files = (
				CBEA778E27F7A5A10014F71F /* test2Tests.swift in Sources */,
			);
			runOnlyForDeploymentPostprocessing = 0;
		};
		CBEA778F27F7A5A20014F71F /* Sources */ = {
			isa = PBXSourcesBuildPhase;
			buildActionMask = 2147483647;
			files = (
				CBEA779827F7A5A20014F71F /* test2UITests.swift in Sources */,
				CBEA779A27F7A5A20014F71F /* test2UITestsLaunchTests.swift in Sources */,
			);
			runOnlyForDeploymentPostprocessing = 0;
		};
/* End PBXSourcesBuildPhase section */

/* Begin PBXTargetDependency section */
		CBEA778B27F7A5A10014F71F /* PBXTargetDependency */ = {
			isa = PBXTargetDependency;
			target = CBEA777827F7A59E0014F71F /* test2 */;
			targetProxy = CBEA778A27F7A5A10014F71F /* PBXContainerItemProxy */;
		};
		CBEA779527F7A5A20014F71F /* PBXTargetDependency */ = {
			isa = PBXTargetDependency;
			target = CBEA777827F7A59E0014F71F /* test2 */;
			targetProxy = CBEA779427F7A5A20014F71F /* PBXContainerItemProxy */;
		};
/* End PBXTargetDependency section */

/* Begin XCBuildConfiguration section */
		CBEA779B27F7A5A20014F71F /* Debug */ = {
			isa = XCBuildConfiguration;
			buildSettings = {
				ALWAYS_SEARCH_USER_PATHS = NO;
				CLANG_ANALYZER_NONNULL = YES;
				CLANG_ANALYZER_NUMBER_OBJECT_CONVERSION = YES_AGGRESSIVE;
				CLANG_CXX_LANGUAGE_STANDARD = "gnu++17";
				CLANG_ENABLE_MODULES = YES;
				CLANG_ENABLE_OBJC_ARC = YES;
				CLANG_ENABLE_OBJC_WEAK = YES;
				CLANG_WARN_BLOCK_CAPTURE_AUTORELEASING = YES;
				CLANG_WARN_BOOL_CONVERSION = YES;
				CLANG_WARN_COMMA = YES;
				CLANG_WARN_CONSTANT_CONVERSION = YES;
				CLANG_WARN_DEPRECATED_OBJC_IMPLEMENTATIONS = YES;
				CLANG_WARN_DIRECT_OBJC_ISA_USAGE = YES_ERROR;
				CLANG_WARN_DOCUMENTATION_COMMENTS = YES;
				CLANG_WARN_EMPTY_BODY = YES;
				CLANG_WARN_ENUM_CONVERSION = YES;
				CLANG_WARN_INFINITE_RECURSION = YES;
				CLANG_WARN_INT_CONVERSION = YES;
				CLANG_WARN_NON_LITERAL_NULL_CONVERSION = YES;
				CLANG_WARN_OBJC_IMPLICIT_RETAIN_SELF = YES;
				CLANG_WARN_OBJC_LITERAL_CONVERSION = YES;
				CLANG_WARN_OBJC_ROOT_CLASS = YES_ERROR;
				CLANG_WARN_QUOTED_INCLUDE_IN_FRAMEWORK_HEADER = YES;
				CLANG_WARN_RANGE_LOOP_ANALYSIS = YES;
				CLANG_WARN_STRICT_PROTOTYPES = YES;
				CLANG_WARN_SUSPICIOUS_MOVE = YES;
				CLANG_WARN_UNGUARDED_AVAILABILITY = YES_AGGRESSIVE;
				CLANG_WARN_UNREACHABLE_CODE = YES;
				CLANG_WARN__DUPLICATE_METHOD_MATCH = YES;
				COPY_PHASE_STRIP = NO;
				DEBUG_INFORMATION_FORMAT = dwarf;
				ENABLE_STRICT_OBJC_MSGSEND = YES;
				ENABLE_TESTABILITY = YES;
				GCC_C_LANGUAGE_STANDARD = gnu11;
				GCC_DYNAMIC_NO_PIC = NO;
				GCC_NO_COMMON_BLOCKS = YES;
				GCC_OPTIMIZATION_LEVEL = 0;
				GCC_PREPROCESSOR_DEFINITIONS = (
					"DEBUG=1",
					"$(inherited)",
				);
				GCC_WARN_64_TO_32_BIT_CONVERSION = YES;
				GCC_WARN_ABOUT_RETURN_TYPE = YES_ERROR;
				GCC_WARN_UNDECLARED_SELECTOR = YES;
				GCC_WARN_UNINITIALIZED_AUTOS = YES_AGGRESSIVE;
				GCC_WARN_UNUSED_FUNCTION = YES;
				GCC_WARN_UNUSED_VARIABLE = YES;
				IPHONEOS_DEPLOYMENT_TARGET = 15.4;
				MTL_ENABLE_DEBUG_INFO = INCLUDE_SOURCE;
				MTL_FAST_MATH = YES;
				ONLY_ACTIVE_ARCH = YES;
				SDKROOT = iphoneos;
				SWIFT_ACTIVE_COMPILATION_CONDITIONS = DEBUG;
				SWIFT_OPTIMIZATION_LEVEL = "-Onone";
			};
			name = Debug;
		};
		CBEA779C27F7A5A20014F71F /* Release */ = {
			isa = XCBuildConfiguration;
			buildSettings = {
				ALWAYS_SEARCH_USER_PATHS = NO;
				CLANG_ANALYZER_NONNULL = YES;
				CLANG_ANALYZER_NUMBER_OBJECT_CONVERSION = YES_AGGRESSIVE;
				CLANG_CXX_LANGUAGE_STANDARD = "gnu++17";
				CLANG_ENABLE_MODULES = YES;
				CLANG_ENABLE_OBJC_ARC = YES;
				CLANG_ENABLE_OBJC_WEAK = YES;
				CLANG_WARN_BLOCK_CAPTURE_AUTORELEASING = YES;
				CLANG_WARN_BOOL_CONVERSION = YES;
				CLANG_WARN_COMMA = YES;
				CLANG_WARN_CONSTANT_CONVERSION = YES;
				CLANG_WARN_DEPRECATED_OBJC_IMPLEMENTATIONS = YES;
				CLANG_WARN_DIRECT_OBJC_ISA_USAGE = YES_ERROR;
				CLANG_WARN_DOCUMENTATION_COMMENTS = YES;
				CLANG_WARN_EMPTY_BODY = YES;
				CLANG_WARN_ENUM_CONVERSION = YES;
				CLANG_WARN_INFINITE_RECURSION = YES;
				CLANG_WARN_INT_CONVERSION = YES;
				CLANG_WARN_NON_LITERAL_NULL_CONVERSION = YES;
				CLANG_WARN_OBJC_IMPLICIT_RETAIN_SELF = YES;
				CLANG_WARN_OBJC_LITERAL_CONVERSION = YES;
				CLANG_WARN_OBJC_ROOT_CLASS = YES_ERROR;
				CLANG_WARN_QUOTED_INCLUDE_IN_FRAMEWORK_HEADER = YES;
				CLANG_WARN_RANGE_LOOP_ANALYSIS = YES;
				CLANG_WARN_STRICT_PROTOTYPES = YES;
				CLANG_WARN_SUSPICIOUS_MOVE = YES;
				CLANG_WARN_UNGUARDED_AVAILABILITY = YES_AGGRESSIVE;
				CLANG_WARN_UNREACHABLE_CODE = YES;
				CLANG_WARN__DUPLICATE_METHOD_MATCH = YES;
				COPY_PHASE_STRIP = NO;
				DEBUG_INFORMATION_FORMAT = "dwarf-with-dsym";
				ENABLE_NS_ASSERTIONS = NO;
				ENABLE_STRICT_OBJC_MSGSEND = YES;
				GCC_C_LANGUAGE_STANDARD = gnu11;
				GCC_NO_COMMON_BLOCKS = YES;
				GCC_WARN_64_TO_32_BIT_CONVERSION = YES;
				GCC_WARN_ABOUT_RETURN_TYPE = YES_ERROR;
				GCC_WARN_UNDECLARED_SELECTOR = YES;
				GCC_WARN_UNINITIALIZED_AUTOS = YES_AGGRESSIVE;
				GCC_WARN_UNUSED_FUNCTION = YES;
				GCC_WARN_UNUSED_VARIABLE = YES;
				IPHONEOS_DEPLOYMENT_TARGET = 15.4;
				MTL_ENABLE_DEBUG_INFO = NO;
				MTL_FAST_MATH = YES;
				SDKROOT = iphoneos;
				SWIFT_COMPILATION_MODE = wholemodule;
				SWIFT_OPTIMIZATION_LEVEL = "-O";
				VALIDATE_PRODUCT = YES;
			};
			name = Release;
		};
		CBEA779E27F7A5A20014F71F /* Debug */ = {
			isa = XCBuildConfiguration;
			buildSettings = {
				ASSETCATALOG_COMPILER_APPICON_NAME = AppIcon;
				ASSETCATALOG_COMPILER_GLOBAL_ACCENT_COLOR_NAME = AccentColor;
				CODE_SIGN_STYLE = Automatic;
				CURRENT_PROJECT_VERSION = 1;
				DEVELOPMENT_ASSET_PATHS = "\"test2/Preview Content\"";
				DEVELOPMENT_TEAM = Q2MYMR4HZM;
				ENABLE_PREVIEWS = YES;
				GENERATE_INFOPLIST_FILE = YES;
				INFOPLIST_FILE = test2/Info.plist;
				INFOPLIST_KEY_NSLocationAlwaysAndWhenInUseUsageDescription = "";
				INFOPLIST_KEY_UIApplicationSceneManifest_Generation = YES;
				INFOPLIST_KEY_UIApplicationSupportsIndirectInputEvents = YES;
				INFOPLIST_KEY_UILaunchScreen_Generation = YES;
				INFOPLIST_KEY_UISupportedInterfaceOrientations_iPad = "UIInterfaceOrientationPortrait UIInterfaceOrientationPortraitUpsideDown UIInterfaceOrientationLandscapeLeft UIInterfaceOrientationLandscapeRight";
				INFOPLIST_KEY_UISupportedInterfaceOrientations_iPhone = "UIInterfaceOrientationPortrait UIInterfaceOrientationLandscapeLeft UIInterfaceOrientationLandscapeRight";
				IPHONEOS_DEPLOYMENT_TARGET = 15.3;
				LD_RUNPATH_SEARCH_PATHS = (
					"$(inherited)",
					"@executable_path/Frameworks",
				);
				MARKETING_VERSION = 1.0;
				PRODUCT_BUNDLE_IDENTIFIER = firstplaygroundtest.test2;
				PRODUCT_NAME = "$(TARGET_NAME)";
				SWIFT_EMIT_LOC_STRINGS = YES;
				SWIFT_VERSION = 5.0;
				TARGETED_DEVICE_FAMILY = "1,2";
			};
			name = Debug;
		};
		CBEA779F27F7A5A20014F71F /* Release */ = {
			isa = XCBuildConfiguration;
			buildSettings = {
				ASSETCATALOG_COMPILER_APPICON_NAME = AppIcon;
				ASSETCATALOG_COMPILER_GLOBAL_ACCENT_COLOR_NAME = AccentColor;
				CODE_SIGN_STYLE = Automatic;
				CURRENT_PROJECT_VERSION = 1;
				DEVELOPMENT_ASSET_PATHS = "\"test2/Preview Content\"";
				DEVELOPMENT_TEAM = Q2MYMR4HZM;
				ENABLE_PREVIEWS = YES;
				GENERATE_INFOPLIST_FILE = YES;
				INFOPLIST_FILE = test2/Info.plist;
				INFOPLIST_KEY_NSLocationAlwaysAndWhenInUseUsageDescription = "";
				INFOPLIST_KEY_UIApplicationSceneManifest_Generation = YES;
				INFOPLIST_KEY_UIApplicationSupportsIndirectInputEvents = YES;
				INFOPLIST_KEY_UILaunchScreen_Generation = YES;
				INFOPLIST_KEY_UISupportedInterfaceOrientations_iPad = "UIInterfaceOrientationPortrait UIInterfaceOrientationPortraitUpsideDown UIInterfaceOrientationLandscapeLeft UIInterfaceOrientationLandscapeRight";
				INFOPLIST_KEY_UISupportedInterfaceOrientations_iPhone = "UIInterfaceOrientationPortrait UIInterfaceOrientationLandscapeLeft UIInterfaceOrientationLandscapeRight";
				IPHONEOS_DEPLOYMENT_TARGET = 15.3;
				LD_RUNPATH_SEARCH_PATHS = (
					"$(inherited)",
					"@executable_path/Frameworks",
				);
				MARKETING_VERSION = 1.0;
				PRODUCT_BUNDLE_IDENTIFIER = firstplaygroundtest.test2;
				PRODUCT_NAME = "$(TARGET_NAME)";
				SWIFT_EMIT_LOC_STRINGS = YES;
				SWIFT_VERSION = 5.0;
				TARGETED_DEVICE_FAMILY = "1,2";
			};
			name = Release;
		};
		CBEA77A127F7A5A20014F71F /* Debug */ = {
			isa = XCBuildConfiguration;
			buildSettings = {
				ALWAYS_EMBED_SWIFT_STANDARD_LIBRARIES = YES;
				BUNDLE_LOADER = "$(TEST_HOST)";
				CODE_SIGN_STYLE = Automatic;
				CURRENT_PROJECT_VERSION = 1;
				DEVELOPMENT_TEAM = Q2MYMR4HZM;
				GENERATE_INFOPLIST_FILE = YES;
				IPHONEOS_DEPLOYMENT_TARGET = 15.4;
				MARKETING_VERSION = 1.0;
				PRODUCT_BUNDLE_IDENTIFIER = firstplaygroundtest.test2Tests;
				PRODUCT_NAME = "$(TARGET_NAME)";
				SWIFT_EMIT_LOC_STRINGS = NO;
				SWIFT_VERSION = 5.0;
				TARGETED_DEVICE_FAMILY = "1,2";
				TEST_HOST = "$(BUILT_PRODUCTS_DIR)/test2.app/test2";
			};
			name = Debug;
		};
		CBEA77A227F7A5A20014F71F /* Release */ = {
			isa = XCBuildConfiguration;
			buildSettings = {
				ALWAYS_EMBED_SWIFT_STANDARD_LIBRARIES = YES;
				BUNDLE_LOADER = "$(TEST_HOST)";
				CODE_SIGN_STYLE = Automatic;
				CURRENT_PROJECT_VERSION = 1;
				DEVELOPMENT_TEAM = Q2MYMR4HZM;
				GENERATE_INFOPLIST_FILE = YES;
				IPHONEOS_DEPLOYMENT_TARGET = 15.4;
				MARKETING_VERSION = 1.0;
				PRODUCT_BUNDLE_IDENTIFIER = firstplaygroundtest.test2Tests;
				PRODUCT_NAME = "$(TARGET_NAME)";
				SWIFT_EMIT_LOC_STRINGS = NO;
				SWIFT_VERSION = 5.0;
				TARGETED_DEVICE_FAMILY = "1,2";
				TEST_HOST = "$(BUILT_PRODUCTS_DIR)/test2.app/test2";
			};
			name = Release;
		};
		CBEA77A427F7A5A20014F71F /* Debug */ = {
			isa = XCBuildConfiguration;
			buildSettings = {
				ALWAYS_EMBED_SWIFT_STANDARD_LIBRARIES = YES;
				CODE_SIGN_STYLE = Automatic;
				CURRENT_PROJECT_VERSION = 1;
				DEVELOPMENT_TEAM = Q2MYMR4HZM;
				GENERATE_INFOPLIST_FILE = YES;
				MARKETING_VERSION = 1.0;
				PRODUCT_BUNDLE_IDENTIFIER = firstplaygroundtest.test2UITests;
				PRODUCT_NAME = "$(TARGET_NAME)";
				SWIFT_EMIT_LOC_STRINGS = NO;
				SWIFT_VERSION = 5.0;
				TARGETED_DEVICE_FAMILY = "1,2";
				TEST_TARGET_NAME = test2;
			};
			name = Debug;
		};
		CBEA77A527F7A5A20014F71F /* Release */ = {
			isa = XCBuildConfiguration;
			buildSettings = {
				ALWAYS_EMBED_SWIFT_STANDARD_LIBRARIES = YES;
				CODE_SIGN_STYLE = Automatic;
				CURRENT_PROJECT_VERSION = 1;
				DEVELOPMENT_TEAM = Q2MYMR4HZM;
				GENERATE_INFOPLIST_FILE = YES;
				MARKETING_VERSION = 1.0;
				PRODUCT_BUNDLE_IDENTIFIER = firstplaygroundtest.test2UITests;
				PRODUCT_NAME = "$(TARGET_NAME)";
				SWIFT_EMIT_LOC_STRINGS = NO;
				SWIFT_VERSION = 5.0;
				TARGETED_DEVICE_FAMILY = "1,2";
				TEST_TARGET_NAME = test2;
			};
			name = Release;
		};
/* End XCBuildConfiguration section */

/* Begin XCConfigurationList section */
		CBEA777427F7A59E0014F71F /* Build configuration list for PBXProject "test2" */ = {
			isa = XCConfigurationList;
			buildConfigurations = (
				CBEA779B27F7A5A20014F71F /* Debug */,
				CBEA779C27F7A5A20014F71F /* Release */,
			);
			defaultConfigurationIsVisible = 0;
			defaultConfigurationName = Release;
		};
		CBEA779D27F7A5A20014F71F /* Build configuration list for PBXNativeTarget "test2" */ = {
			isa = XCConfigurationList;
			buildConfigurations = (
				CBEA779E27F7A5A20014F71F /* Debug */,
				CBEA779F27F7A5A20014F71F /* Release */,
			);
			defaultConfigurationIsVisible = 0;
			defaultConfigurationName = Release;
		};
		CBEA77A027F7A5A20014F71F /* Build configuration list for PBXNativeTarget "test2Tests" */ = {
			isa = XCConfigurationList;
			buildConfigurations = (
				CBEA77A127F7A5A20014F71F /* Debug */,
				CBEA77A227F7A5A20014F71F /* Release */,
			);
			defaultConfigurationIsVisible = 0;
			defaultConfigurationName = Release;
		};
		CBEA77A327F7A5A20014F71F /* Build configuration list for PBXNativeTarget "test2UITests" */ = {
			isa = XCConfigurationList;
			buildConfigurations = (
				CBEA77A427F7A5A20014F71F /* Debug */,
				CBEA77A527F7A5A20014F71F /* Release */,
			);
			defaultConfigurationIsVisible = 0;
			defaultConfigurationName = Release;
		};
/* End XCConfigurationList section */
	};
	rootObject = CBEA777127F7A59E0014F71F /* Project object */;
}
